
Microsoft Visual Studio Solution File, Format Version 12.00
# Visual Studio Version 17
VisualStudioVersion = 17.0.31903.59
MinimumVisualStudioVersion = 10.0.40219.1
Project("{FAE04EC0-301F-11D3-BF4B-00C04F79EFBC}") = "Poker", "Game\Poker.csproj", "{1A683FB6-03ED-4445-BE65-229395BC4AF4}"
EndProject
Project("{FAE04EC0-301F-11D3-BF4B-00C04F79EFBC}") = "Test", "Tests\Test.csproj", "{134AC3AF-1811-40CF-802F-7A41070C3EDB}"
EndProject
Project("{FAE04EC0-301F-11D3-BF4B-00C04F79EFBC}") = "Local", "Examples\Local\Local.csproj", "{F6FA4C46-B6BE-4914-A2D7-3B4803AF9B45}"
EndProject
Project("{FAE04EC0-301F-11D3-BF4B-00C04F79EFBC}") = "Wireless", "Examples\Wireless\Wireless.csproj", "{52FBAEFE-A474-41F2-BD0F-449A84BD82D0}"
EndProject
Global
	GlobalSection(SolutionConfigurationPlatforms) = preSolution
		Debug|Any CPU = Debug|Any CPU
		Release|Any CPU = Release|Any CPU
	EndGlobalSection
	GlobalSection(SolutionProperties) = preSolution
		HideSolutionNode = FALSE
	EndGlobalSection
	GlobalSection(ProjectConfigurationPlatforms) = postSolution
		{1A683FB6-03ED-4445-BE65-229395BC4AF4}.Debug|Any CPU.ActiveCfg = Debug|Any CPU
		{1A683FB6-03ED-4445-BE65-229395BC4AF4}.Debug|Any CPU.Build.0 = Debug|Any CPU
		{1A683FB6-03ED-4445-BE65-229395BC4AF4}.Release|Any CPU.ActiveCfg = Release|Any CPU
		{1A683FB6-03ED-4445-BE65-229395BC4AF4}.Release|Any CPU.Build.0 = Release|Any CPU
		{134AC3AF-1811-40CF-802F-7A41070C3EDB}.Debug|Any CPU.ActiveCfg = Debug|Any CPU
		{134AC3AF-1811-40CF-802F-7A41070C3EDB}.Debug|Any CPU.Build.0 = Debug|Any CPU
		{134AC3AF-1811-40CF-802F-7A41070C3EDB}.Release|Any CPU.ActiveCfg = Release|Any CPU
		{134AC3AF-1811-40CF-802F-7A41070C3EDB}.Release|Any CPU.Build.0 = Release|Any CPU
		{F6FA4C46-B6BE-4914-A2D7-3B4803AF9B45}.Debug|Any CPU.ActiveCfg = Debug|Any CPU
		{F6FA4C46-B6BE-4914-A2D7-3B4803AF9B45}.Debug|Any CPU.Build.0 = Debug|Any CPU
		{F6FA4C46-B6BE-4914-A2D7-3B4803AF9B45}.Release|Any CPU.ActiveCfg = Release|Any CPU
		{F6FA4C46-B6BE-4914-A2D7-3B4803AF9B45}.Release|Any CPU.Build.0 = Release|Any CPU
		{52FBAEFE-A474-41F2-BD0F-449A84BD82D0}.Debug|Any CPU.ActiveCfg = Debug|Any CPU
		{52FBAEFE-A474-41F2-BD0F-449A84BD82D0}.Debug|Any CPU.Build.0 = Debug|Any CPU
		{52FBAEFE-A474-41F2-BD0F-449A84BD82D0}.Release|Any CPU.ActiveCfg = Release|Any CPU
		{52FBAEFE-A474-41F2-BD0F-449A84BD82D0}.Release|Any CPU.Build.0 = Release|Any CPU
	EndGlobalSection
	GlobalSection(NestedProjects) = preSolution
		{52FBAEFE-A474-41F2-BD0F-449A84BD82D0} = {6E40BFE2-DEBF-4A39-9904-4EF98621BA1F}
	EndGlobalSection
EndGlobal
